
Microsoft Visual Studio Solution File, Format Version 12.00
# Visual Studio Version 17
VisualStudioVersion = 17.9.34728.123
MinimumVisualStudioVersion = 10.0.40219.1
Project("{11A8DD76-328B-46DF-9F39-F559912D0360}") = "test", "test.nfproj", "{B558A63C-2A50-4DE9-9628-1165A4B7EF07}"
EndProject
Global
	GlobalSection(SolutionConfigurationPlatforms) = preSolution
		Debug|Any CPU = Debug|Any CPU
		Release|Any CPU = Release|Any CPU
	EndGlobalSection
	GlobalSection(ProjectConfigurationPlatforms) = postSolution
		{B558A63C-2A50-4DE9-9628-1165A4B7EF07}.Debug|Any CPU.ActiveCfg = Debug|Any CPU
		{B558A63C-2A50-4DE9-9628-1165A4B7EF07}.Debug|Any CPU.Build.0 = Debug|Any CPU
		{B558A63C-2A50-4DE9-9628-1165A4B7EF07}.Debug|Any CPU.Deploy.0 = Debug|Any CPU
		{B558A63C-2A50-4DE9-9628-1165A4B7EF07}.Release|Any CPU.ActiveCfg = Release|Any CPU
		{B558A63C-2A50-4DE9-9628-1165A4B7EF07}.Release|Any CPU.Build.0 = Release|Any CPU
		{B558A63C-2A50-4DE9-9628-1165A4B7EF07}.Release|Any CPU.Deploy.0 = Release|Any CPU
	EndGlobalSection
	GlobalSection(SolutionProperties) = preSolution
		HideSolutionNode = FALSE
	EndGlobalSection
	GlobalSection(ExtensibilityGlobals) = postSolution
		SolutionGuid = {55D74732-2029-4FF6-9416-81A661A64B1A}
	EndGlobalSection
EndGlobal
